
Microsoft Visual Studio Solution File, Format Version 12.00
# Visual Studio Version 16
VisualStudioVersion = 16.0.30309.148
MinimumVisualStudioVersion = 10.0.40219.1
Project("{8BC9CEB8-8B4A-11D0-8D11-00A0C91BC942}") = "【算法】插入排序（insert_sort)", "【算法】插入排序（insert_sort)\【算法】插入排序（insert_sort).vcxproj", "{F983BABB-2F71-4F45-9471-AC7D71725BCC}"
EndProject
Global
	GlobalSection(SolutionConfigurationPlatforms) = preSolution
		Debug|x64 = Debug|x64
		Debug|x86 = Debug|x86
		Release|x64 = Release|x64
		Release|x86 = Release|x86
	EndGlobalSection
	GlobalSection(ProjectConfigurationPlatforms) = postSolution
		{F983BABB-2F71-4F45-9471-AC7D71725BCC}.Debug|x64.ActiveCfg = Debug|x64
		{F983BABB-2F71-4F45-9471-AC7D71725BCC}.Debug|x64.Build.0 = Debug|x64
		{F983BABB-2F71-4F45-9471-AC7D71725BCC}.Debug|x86.ActiveCfg = Debug|Win32
		{F983BABB-2F71-4F45-9471-AC7D71725BCC}.Debug|x86.Build.0 = Debug|Win32
		{F983BABB-2F71-4F45-9471-AC7D71725BCC}.Release|x64.ActiveCfg = Release|x64
		{F983BABB-2F71-4F45-9471-AC7D71725BCC}.Release|x64.Build.0 = Release|x64
		{F983BABB-2F71-4F45-9471-AC7D71725BCC}.Release|x86.ActiveCfg = Release|Win32
		{F983BABB-2F71-4F45-9471-AC7D71725BCC}.Release|x86.Build.0 = Release|Win32
	EndGlobalSection
	GlobalSection(SolutionProperties) = preSolution
		HideSolutionNode = FALSE
	EndGlobalSection
	GlobalSection(ExtensibilityGlobals) = postSolution
		SolutionGuid = {13B51B46-DA52-4807-A6E7-62ED7510C3B2}
	EndGlobalSection
EndGlobal
