
Microsoft Visual Studio Solution File, Format Version 12.00
# Visual Studio Version 16
VisualStudioVersion = 16.0.30406.217
MinimumVisualStudioVersion = 10.0.40219.1
Project("{8BC9CEB8-8B4A-11D0-8D11-00A0C91BC942}") = "均值方差计算器", "均值方差计算器\均值方差计算器.vcxproj", "{C904E351-787A-423B-AAF7-4F41B4CCC2D0}"
EndProject
Global
	GlobalSection(SolutionConfigurationPlatforms) = preSolution
		Debug|x64 = Debug|x64
		Debug|x86 = Debug|x86
		Release|x64 = Release|x64
		Release|x86 = Release|x86
	EndGlobalSection
	GlobalSection(ProjectConfigurationPlatforms) = postSolution
		{C904E351-787A-423B-AAF7-4F41B4CCC2D0}.Debug|x64.ActiveCfg = Debug|x64
		{C904E351-787A-423B-AAF7-4F41B4CCC2D0}.Debug|x64.Build.0 = Debug|x64
		{C904E351-787A-423B-AAF7-4F41B4CCC2D0}.Debug|x86.ActiveCfg = Debug|Win32
		{C904E351-787A-423B-AAF7-4F41B4CCC2D0}.Debug|x86.Build.0 = Debug|Win32
		{C904E351-787A-423B-AAF7-4F41B4CCC2D0}.Release|x64.ActiveCfg = Release|x64
		{C904E351-787A-423B-AAF7-4F41B4CCC2D0}.Release|x64.Build.0 = Release|x64
		{C904E351-787A-423B-AAF7-4F41B4CCC2D0}.Release|x86.ActiveCfg = Release|Win32
		{C904E351-787A-423B-AAF7-4F41B4CCC2D0}.Release|x86.Build.0 = Release|Win32
	EndGlobalSection
	GlobalSection(SolutionProperties) = preSolution
		HideSolutionNode = FALSE
	EndGlobalSection
	GlobalSection(ExtensibilityGlobals) = postSolution
		SolutionGuid = {685D00CA-C0E5-4791-A5F9-A234D44EBB94}
	EndGlobalSection
EndGlobal
